
Microsoft Visual Studio Solution File, Format Version 12.00
# Visual Studio Version 17
VisualStudioVersion = 17.3.32929.385
MinimumVisualStudioVersion = 10.0.40219.1
Project("{FAE04EC0-301F-11D3-BF4B-00C04F79EFBC}") = "praktikum week 12", "praktikum week 12\praktikum week 12.csproj", "{4A69F66A-52BF-47EC-B42B-C85F82863387}"
EndProject
Global
	GlobalSection(SolutionConfigurationPlatforms) = preSolution
		Debug|Any CPU = Debug|Any CPU
		Release|Any CPU = Release|Any CPU
	EndGlobalSection
	GlobalSection(ProjectConfigurationPlatforms) = postSolution
		{4A69F66A-52BF-47EC-B42B-C85F82863387}.Debug|Any CPU.ActiveCfg = Debug|Any CPU
		{4A69F66A-52BF-47EC-B42B-C85F82863387}.Debug|Any CPU.Build.0 = Debug|Any CPU
		{4A69F66A-52BF-47EC-B42B-C85F82863387}.Release|Any CPU.ActiveCfg = Release|Any CPU
		{4A69F66A-52BF-47EC-B42B-C85F82863387}.Release|Any CPU.Build.0 = Release|Any CPU
	EndGlobalSection
	GlobalSection(SolutionProperties) = preSolution
		HideSolutionNode = FALSE
	EndGlobalSection
	GlobalSection(ExtensibilityGlobals) = postSolution
		SolutionGuid = {EFC93B60-D77E-4631-A106-03B3C587AF69}
	EndGlobalSection
EndGlobal
